
Microsoft Visual Studio Solution File, Format Version 12.00
# Visual Studio 15
VisualStudioVersion = 15.0.28307.705
MinimumVisualStudioVersion = 10.0.40219.1
Project("{FAE04EC0-301F-11D3-BF4B-00C04F79EFBC}") = "AutoService", "AutoService.csproj", "{45C4C07F-6233-4A13-A789-8C4093A48750}"
EndProject
Global
	GlobalSection(SolutionConfigurationPlatforms) = preSolution
		Debug|Any CPU = Debug|Any CPU
		Release|Any CPU = Release|Any CPU
	EndGlobalSection
	GlobalSection(ProjectConfigurationPlatforms) = postSolution
		{45C4C07F-6233-4A13-A789-8C4093A48750}.Debug|Any CPU.ActiveCfg = Debug|Any CPU
		{45C4C07F-6233-4A13-A789-8C4093A48750}.Debug|Any CPU.Build.0 = Debug|Any CPU
		{45C4C07F-6233-4A13-A789-8C4093A48750}.Release|Any CPU.ActiveCfg = Release|Any CPU
		{45C4C07F-6233-4A13-A789-8C4093A48750}.Release|Any CPU.Build.0 = Release|Any CPU
	EndGlobalSection
	GlobalSection(SolutionProperties) = preSolution
		HideSolutionNode = FALSE
	EndGlobalSection
	GlobalSection(ExtensibilityGlobals) = postSolution
		SolutionGuid = {AA547DB4-19EF-40CD-907D-7A5ADE69824F}
	EndGlobalSection
EndGlobal
